
Microsoft Visual Studio Solution File, Format Version 12.00
# Visual Studio Version 17
VisualStudioVersion = 17.14.36623.8 d17.14
MinimumVisualStudioVersion = 10.0.40219.1
Project("{FAE04EC0-301F-11D3-BF4B-00C04F79EFBC}") = "StGermain.Browser", "StGermain\StGermain.Browser\StGermain.Browser.csproj", "{D90FE3CF-2E47-44B1-8223-2B7B0B65942E}"
EndProject
Project("{FAE04EC0-301F-11D3-BF4B-00C04F79EFBC}") = "StGermain", "StGermain\StGermain\StGermain.csproj", "{6CA26EAD-EF08-4131-BB5B-46CC429D95B8}"
EndProject
Project("{FAE04EC0-301F-11D3-BF4B-00C04F79EFBC}") = "StGermain.Simulator", "StGermain\StGermain.Simulator\StGermain.Simulator.csproj", "{B37D0DC3-2F04-461E-97F2-91D631B7A186}"
EndProject
Global
	GlobalSection(SolutionConfigurationPlatforms) = preSolution
		Debug|Any CPU = Debug|Any CPU
		Release|Any CPU = Release|Any CPU
	EndGlobalSection
	GlobalSection(ProjectConfigurationPlatforms) = postSolution
		{D90FE3CF-2E47-44B1-8223-2B7B0B65942E}.Debug|Any CPU.ActiveCfg = Debug|Any CPU
		{D90FE3CF-2E47-44B1-8223-2B7B0B65942E}.Debug|Any CPU.Build.0 = Debug|Any CPU
		{D90FE3CF-2E47-44B1-8223-2B7B0B65942E}.Release|Any CPU.ActiveCfg = Release|Any CPU
		{D90FE3CF-2E47-44B1-8223-2B7B0B65942E}.Release|Any CPU.Build.0 = Release|Any CPU
		{6CA26EAD-EF08-4131-BB5B-46CC429D95B8}.Debug|Any CPU.ActiveCfg = Debug|Any CPU
		{6CA26EAD-EF08-4131-BB5B-46CC429D95B8}.Debug|Any CPU.Build.0 = Debug|Any CPU
		{6CA26EAD-EF08-4131-BB5B-46CC429D95B8}.Release|Any CPU.ActiveCfg = Release|Any CPU
		{6CA26EAD-EF08-4131-BB5B-46CC429D95B8}.Release|Any CPU.Build.0 = Release|Any CPU
		{B37D0DC3-2F04-461E-97F2-91D631B7A186}.Debug|Any CPU.ActiveCfg = Debug|Any CPU
		{B37D0DC3-2F04-461E-97F2-91D631B7A186}.Debug|Any CPU.Build.0 = Debug|Any CPU
		{B37D0DC3-2F04-461E-97F2-91D631B7A186}.Release|Any CPU.ActiveCfg = Release|Any CPU
		{B37D0DC3-2F04-461E-97F2-91D631B7A186}.Release|Any CPU.Build.0 = Release|Any CPU
	EndGlobalSection
	GlobalSection(SolutionProperties) = preSolution
		HideSolutionNode = FALSE
	EndGlobalSection
	GlobalSection(ExtensibilityGlobals) = postSolution
		SolutionGuid = {B62447DB-27FF-4FD3-9013-F506DAE1C7D8}
	EndGlobalSection
EndGlobal
