Microsoft Visual Studio Solution File, Format Version 12.00
# Visual Studio Version 17
VisualStudioVersion = 17.5.2.0
MinimumVisualStudioVersion = 10.0.40219.1
Project("{FAE04EC0-301F-11D3-BF4B-00C04F79EFBC}") = "StGermain", "StGermain\StGermain.csproj", "{D525EED1-2EAB-8BD4-737A-A2661781F110}"
EndProject
Project("{FAE04EC0-301F-11D3-BF4B-00C04F79EFBC}") = "StGermain.Browser", "StGermain.Browser\StGermain.Browser.csproj", "{A3DBD66E-B72A-8BE8-68EB-C7704B88BDFA}"
EndProject
Project("{FAE04EC0-301F-11D3-BF4B-00C04F79EFBC}") = "StGermain.Simulator", "StGermain.Simulator\StGermain.Simulator.csproj", "{05BA7FF3-0B07-DD5D-C366-3FF1CC92E7BF}"
EndProject
Global
	GlobalSection(SolutionConfigurationPlatforms) = preSolution
		Debug|Any CPU = Debug|Any CPU
		Release|Any CPU = Release|Any CPU
	EndGlobalSection
	GlobalSection(ProjectConfigurationPlatforms) = postSolution
		{D525EED1-2EAB-8BD4-737A-A2661781F110}.Debug|Any CPU.ActiveCfg = Debug|Any CPU
		{D525EED1-2EAB-8BD4-737A-A2661781F110}.Debug|Any CPU.Build.0 = Debug|Any CPU
		{D525EED1-2EAB-8BD4-737A-A2661781F110}.Release|Any CPU.ActiveCfg = Release|Any CPU
		{D525EED1-2EAB-8BD4-737A-A2661781F110}.Release|Any CPU.Build.0 = Release|Any CPU
		{A3DBD66E-B72A-8BE8-68EB-C7704B88BDFA}.Debug|Any CPU.ActiveCfg = Debug|Any CPU
		{A3DBD66E-B72A-8BE8-68EB-C7704B88BDFA}.Debug|Any CPU.Build.0 = Debug|Any CPU
		{A3DBD66E-B72A-8BE8-68EB-C7704B88BDFA}.Release|Any CPU.ActiveCfg = Release|Any CPU
		{A3DBD66E-B72A-8BE8-68EB-C7704B88BDFA}.Release|Any CPU.Build.0 = Release|Any CPU
		{05BA7FF3-0B07-DD5D-C366-3FF1CC92E7BF}.Debug|Any CPU.ActiveCfg = Debug|Any CPU
		{05BA7FF3-0B07-DD5D-C366-3FF1CC92E7BF}.Debug|Any CPU.Build.0 = Debug|Any CPU
		{05BA7FF3-0B07-DD5D-C366-3FF1CC92E7BF}.Release|Any CPU.ActiveCfg = Release|Any CPU
		{05BA7FF3-0B07-DD5D-C366-3FF1CC92E7BF}.Release|Any CPU.Build.0 = Release|Any CPU
	EndGlobalSection
	GlobalSection(SolutionProperties) = preSolution
		HideSolutionNode = FALSE
	EndGlobalSection
	GlobalSection(ExtensibilityGlobals) = postSolution
		SolutionGuid = {4E128622-B648-4245-9F4A-FA6C9787044E}
	EndGlobalSection
EndGlobal
